Microsoft Visual Studio Solution File, Format Version 12.00
# Visual Studio Version 16
VisualStudioVersion = 16.0.31515.178
MinimumVisualStudioVersion = 15.0.26124.0
Project("{9A19103F-16F7-4668-BE54-9A1E7A4F7556}") = "DancingGoatCore", "DancingGoatCore\DancingGoatCore.csproj", "{7C642AED-0700-4B6A-B536-6CABAC3251EA}"
EndProject
Project("{FAE04EC0-301F-11D3-BF4B-00C04F79EFBC}") = "Kentico.Xperience.Intercom.AspNetCore", "Kentico.Xperience.Intercom.AspNetCore\Kentico.Xperience.Intercom.AspNetCore.csproj", "{335ABD1F-884E-4FB2-88CB-70A63F9D3E98}"
EndProject
Project("{FAE04EC0-301F-11D3-BF4B-00C04F79EFBC}") = "Kentico.Xperience.Intercom.Mvc5", "Kentico.Xperience.Intercom.Mvc5\Kentico.Xperience.Intercom.Mvc5.csproj", "{B9720EC5-B3EE-4015-ADDB-063C33B7A955}"
EndProject
Global
	GlobalSection(SolutionConfigurationPlatforms) = preSolution
		Debug|Any CPU = Debug|Any CPU
		Debug|x64 = Debug|x64
		Debug|x86 = Debug|x86
		Release|Any CPU = Release|Any CPU
		Release|x64 = Release|x64
		Release|x86 = Release|x86
	EndGlobalSection
	GlobalSection(ProjectConfigurationPlatforms) = postSolution
		{7C642AED-0700-4B6A-B536-6CABAC3251EA}.Debug|Any CPU.ActiveCfg = Debug|Any CPU
		{7C642AED-0700-4B6A-B536-6CABAC3251EA}.Debug|Any CPU.Build.0 = Debug|Any CPU
		{7C642AED-0700-4B6A-B536-6CABAC3251EA}.Debug|x64.ActiveCfg = Debug|Any CPU
		{7C642AED-0700-4B6A-B536-6CABAC3251EA}.Debug|x64.Build.0 = Debug|Any CPU
		{7C642AED-0700-4B6A-B536-6CABAC3251EA}.Debug|x86.ActiveCfg = Debug|Any CPU
		{7C642AED-0700-4B6A-B536-6CABAC3251EA}.Debug|x86.Build.0 = Debug|Any CPU
		{7C642AED-0700-4B6A-B536-6CABAC3251EA}.Release|Any CPU.ActiveCfg = Release|Any CPU
		{7C642AED-0700-4B6A-B536-6CABAC3251EA}.Release|Any CPU.Build.0 = Release|Any CPU
		{7C642AED-0700-4B6A-B536-6CABAC3251EA}.Release|x64.ActiveCfg = Release|Any CPU
		{7C642AED-0700-4B6A-B536-6CABAC3251EA}.Release|x64.Build.0 = Release|Any CPU
		{7C642AED-0700-4B6A-B536-6CABAC3251EA}.Release|x86.ActiveCfg = Release|Any CPU
		{7C642AED-0700-4B6A-B536-6CABAC3251EA}.Release|x86.Build.0 = Release|Any CPU
		{335ABD1F-884E-4FB2-88CB-70A63F9D3E98}.Debug|Any CPU.ActiveCfg = Debug|Any CPU
		{335ABD1F-884E-4FB2-88CB-70A63F9D3E98}.Debug|Any CPU.Build.0 = Debug|Any CPU
		{335ABD1F-884E-4FB2-88CB-70A63F9D3E98}.Debug|x64.ActiveCfg = Debug|Any CPU
		{335ABD1F-884E-4FB2-88CB-70A63F9D3E98}.Debug|x64.Build.0 = Debug|Any CPU
		{335ABD1F-884E-4FB2-88CB-70A63F9D3E98}.Debug|x86.ActiveCfg = Debug|Any CPU
		{335ABD1F-884E-4FB2-88CB-70A63F9D3E98}.Debug|x86.Build.0 = Debug|Any CPU
		{335ABD1F-884E-4FB2-88CB-70A63F9D3E98}.Release|Any CPU.ActiveCfg = Release|Any CPU
		{335ABD1F-884E-4FB2-88CB-70A63F9D3E98}.Release|Any CPU.Build.0 = Release|Any CPU
		{335ABD1F-884E-4FB2-88CB-70A63F9D3E98}.Release|x64.ActiveCfg = Release|Any CPU
		{335ABD1F-884E-4FB2-88CB-70A63F9D3E98}.Release|x64.Build.0 = Release|Any CPU
		{335ABD1F-884E-4FB2-88CB-70A63F9D3E98}.Release|x86.ActiveCfg = Release|Any CPU
		{335ABD1F-884E-4FB2-88CB-70A63F9D3E98}.Release|x86.Build.0 = Release|Any CPU
		{B9720EC5-B3EE-4015-ADDB-063C33B7A955}.Debug|Any CPU.ActiveCfg = Debug|Any CPU
		{B9720EC5-B3EE-4015-ADDB-063C33B7A955}.Debug|Any CPU.Build.0 = Debug|Any CPU
		{B9720EC5-B3EE-4015-ADDB-063C33B7A955}.Debug|x64.ActiveCfg = Debug|Any CPU
		{B9720EC5-B3EE-4015-ADDB-063C33B7A955}.Debug|x64.Build.0 = Debug|Any CPU
		{B9720EC5-B3EE-4015-ADDB-063C33B7A955}.Debug|x86.ActiveCfg = Debug|Any CPU
		{B9720EC5-B3EE-4015-ADDB-063C33B7A955}.Debug|x86.Build.0 = Debug|Any CPU
		{B9720EC5-B3EE-4015-ADDB-063C33B7A955}.Release|Any CPU.ActiveCfg = Release|Any CPU
		{B9720EC5-B3EE-4015-ADDB-063C33B7A955}.Release|Any CPU.Build.0 = Release|Any CPU
		{B9720EC5-B3EE-4015-ADDB-063C33B7A955}.Release|x64.ActiveCfg = Release|Any CPU
		{B9720EC5-B3EE-4015-ADDB-063C33B7A955}.Release|x64.Build.0 = Release|Any CPU
		{B9720EC5-B3EE-4015-ADDB-063C33B7A955}.Release|x86.ActiveCfg = Release|Any CPU
		{B9720EC5-B3EE-4015-ADDB-063C33B7A955}.Release|x86.Build.0 = Release|Any CPU
	EndGlobalSection
	GlobalSection(SolutionProperties) = preSolution
		HideSolutionNode = FALSE
	EndGlobalSection
	GlobalSection(ExtensibilityGlobals) = postSolution
		SolutionGuid = {1E75B8F6-C177-4D3E-BBA8-3151621A76BE}
	EndGlobalSection
EndGlobal
